Microsoft Visual Studio Solution File, Format Version 12.00
# Visual Studio 2012
Project("{FAE04EC0-301F-11D3-BF4B-00C04F79EFBC}") = "Truckker", "Truckker.csproj", "{27F24D3E-B72B-407C-B053-E11A0508319B}"
EndProject
Global
	GlobalSection(SolutionConfigurationPlatforms) = preSolution
	Debug|Any CPU = Debug|Any CPU
	ExportDebug|Any CPU = ExportDebug|Any CPU
	ExportRelease|Any CPU = ExportRelease|Any CPU
	EndGlobalSection
	GlobalSection(ProjectConfigurationPlatforms) = postSolution
		{27F24D3E-B72B-407C-B053-E11A0508319B}.Debug|Any CPU.ActiveCfg = Debug|Any CPU
		{27F24D3E-B72B-407C-B053-E11A0508319B}.Debug|Any CPU.Build.0 = Debug|Any CPU
		{27F24D3E-B72B-407C-B053-E11A0508319B}.ExportDebug|Any CPU.ActiveCfg = ExportDebug|Any CPU
		{27F24D3E-B72B-407C-B053-E11A0508319B}.ExportDebug|Any CPU.Build.0 = ExportDebug|Any CPU
		{27F24D3E-B72B-407C-B053-E11A0508319B}.ExportRelease|Any CPU.ActiveCfg = ExportRelease|Any CPU
		{27F24D3E-B72B-407C-B053-E11A0508319B}.ExportRelease|Any CPU.Build.0 = ExportRelease|Any CPU
	EndGlobalSection
EndGlobal
